
Microsoft Visual Studio Solution File, Format Version 12.00
# Visual Studio Version 17
VisualStudioVersion = 17.0.32014.148
MinimumVisualStudioVersion = 10.0.40219.1
Project("{2150E333-8FDC-42A3-9474-1A3956D46DE8}") = "src", "src", "{B44B5D75-A7E8-4667-8FBE-EA60D689DC96}"
EndProject
Project("{9A19103F-16F7-4668-BE54-9A1E7A4F7556}") = "Ingos.ResDispatcher.API", "src\Ingos.ResDispatcher.API\Ingos.ResDispatcher.API.csproj", "{CFEA9C74-1A83-4BB2-89AF-D8B0CE808B56}"
EndProject
Project("{FAE04EC0-301F-11D3-BF4B-00C04F79EFBC}") = "Ingos.Shared", "..\shared\Ingos.Shared\Ingos.Shared\Ingos.Shared.csproj", "{B3749F00-D58E-49D5-9492-5150F4E6B011}"
EndProject
Global
	GlobalSection(SolutionConfigurationPlatforms) = preSolution
		Debug|Any CPU = Debug|Any CPU
		Release|Any CPU = Release|Any CPU
	EndGlobalSection
	GlobalSection(ProjectConfigurationPlatforms) = postSolution
		{CFEA9C74-1A83-4BB2-89AF-D8B0CE808B56}.Debug|Any CPU.ActiveCfg = Debug|Any CPU
		{CFEA9C74-1A83-4BB2-89AF-D8B0CE808B56}.Debug|Any CPU.Build.0 = Debug|Any CPU
		{CFEA9C74-1A83-4BB2-89AF-D8B0CE808B56}.Release|Any CPU.ActiveCfg = Release|Any CPU
		{CFEA9C74-1A83-4BB2-89AF-D8B0CE808B56}.Release|Any CPU.Build.0 = Release|Any CPU
		{B3749F00-D58E-49D5-9492-5150F4E6B011}.Debug|Any CPU.ActiveCfg = Debug|Any CPU
		{B3749F00-D58E-49D5-9492-5150F4E6B011}.Debug|Any CPU.Build.0 = Debug|Any CPU
		{B3749F00-D58E-49D5-9492-5150F4E6B011}.Release|Any CPU.ActiveCfg = Release|Any CPU
		{B3749F00-D58E-49D5-9492-5150F4E6B011}.Release|Any CPU.Build.0 = Release|Any CPU
	EndGlobalSection
	GlobalSection(SolutionProperties) = preSolution
		HideSolutionNode = FALSE
	EndGlobalSection
	GlobalSection(NestedProjects) = preSolution
		{CFEA9C74-1A83-4BB2-89AF-D8B0CE808B56} = {B44B5D75-A7E8-4667-8FBE-EA60D689DC96}
		{B3749F00-D58E-49D5-9492-5150F4E6B011} = {B44B5D75-A7E8-4667-8FBE-EA60D689DC96}
	EndGlobalSection
	GlobalSection(ExtensibilityGlobals) = postSolution
		SolutionGuid = {4201A276-A832-4537-BB98-97A24969F6E7}
	EndGlobalSection
EndGlobal
