
Microsoft Visual Studio Solution File, Format Version 12.00
# Visual Studio Version 16
VisualStudioVersion = 16.0.31025.194
MinimumVisualStudioVersion = 10.0.40219.1
Project("{2150E333-8FDC-42A3-9474-1A3956D46DE8}") = "src", "src", "{D9A8DC95-89BA-4BA7-BA9A-DB1AE0A4263C}"
EndProject
Project("{9A19103F-16F7-4668-BE54-9A1E7A4F7556}") = "Ingos.AppManager.Domain", "src\Ingos.AppManager.Domain\Ingos.AppManager.Domain.csproj", "{4AB79EEB-5626-4363-BE04-6C9560E0996E}"
EndProject
Project("{9A19103F-16F7-4668-BE54-9A1E7A4F7556}") = "Ingos.AppManager.Application", "src\Ingos.AppManager.Application\Ingos.AppManager.Application.csproj", "{9EA811F1-3BE3-4D4C-A22F-B0C677A2F6C8}"
EndProject
Project("{9A19103F-16F7-4668-BE54-9A1E7A4F7556}") = "Ingos.AppManager.Application.Contracts", "src\Ingos.AppManager.Application.Contracts\Ingos.AppManager.Application.Contracts.csproj", "{067F31EC-3153-4DBC-A173-AC892939E885}"
EndProject
Project("{9A19103F-16F7-4668-BE54-9A1E7A4F7556}") = "Ingos.AppManager.API", "src\Ingos.AppManager.API\Ingos.AppManager.API.csproj", "{D2683C86-4165-4A9F-95E7-06149842CC1F}"
EndProject
Project("{9A19103F-16F7-4668-BE54-9A1E7A4F7556}") = "Ingos.AppManager.Domain.Shared", "src\Ingos.AppManager.Domain.Shared\Ingos.AppManager.Domain.Shared.csproj", "{198458A9-EC6A-459D-9026-41478CC95F74}"
EndProject
Project("{FAE04EC0-301F-11D3-BF4B-00C04F79EFBC}") = "Ingos.AppManager.Infrastructure", "src\Ingos.AppManager.Infrastructure\Ingos.AppManager.Infrastructure.csproj", "{4C9190A3-F6B0-4829-BEA0-F089AD2F8F5C}"
EndProject
Project("{FAE04EC0-301F-11D3-BF4B-00C04F79EFBC}") = "Ingos.Shared", "..\shared\Ingos.Shared\Ingos.Shared\Ingos.Shared.csproj", "{4A107DEC-AF4D-4E3D-ACAD-F78B87280A77}"
EndProject
Project("{2150E333-8FDC-42A3-9474-1A3956D46DE8}") = "shared", "shared", "{4E290CF6-13A5-4E25-A98E-1E69B3C8CA29}"
EndProject
Global
	GlobalSection(SolutionConfigurationPlatforms) = preSolution
		Debug|Any CPU = Debug|Any CPU
		Release|Any CPU = Release|Any CPU
	EndGlobalSection
	GlobalSection(ProjectConfigurationPlatforms) = postSolution
		{4AB79EEB-5626-4363-BE04-6C9560E0996E}.Debug|Any CPU.ActiveCfg = Debug|Any CPU
		{4AB79EEB-5626-4363-BE04-6C9560E0996E}.Debug|Any CPU.Build.0 = Debug|Any CPU
		{4AB79EEB-5626-4363-BE04-6C9560E0996E}.Release|Any CPU.ActiveCfg = Release|Any CPU
		{4AB79EEB-5626-4363-BE04-6C9560E0996E}.Release|Any CPU.Build.0 = Release|Any CPU
		{9EA811F1-3BE3-4D4C-A22F-B0C677A2F6C8}.Debug|Any CPU.ActiveCfg = Debug|Any CPU
		{9EA811F1-3BE3-4D4C-A22F-B0C677A2F6C8}.Debug|Any CPU.Build.0 = Debug|Any CPU
		{9EA811F1-3BE3-4D4C-A22F-B0C677A2F6C8}.Release|Any CPU.ActiveCfg = Release|Any CPU
		{9EA811F1-3BE3-4D4C-A22F-B0C677A2F6C8}.Release|Any CPU.Build.0 = Release|Any CPU
		{067F31EC-3153-4DBC-A173-AC892939E885}.Debug|Any CPU.ActiveCfg = Debug|Any CPU
		{067F31EC-3153-4DBC-A173-AC892939E885}.Debug|Any CPU.Build.0 = Debug|Any CPU
		{067F31EC-3153-4DBC-A173-AC892939E885}.Release|Any CPU.ActiveCfg = Release|Any CPU
		{067F31EC-3153-4DBC-A173-AC892939E885}.Release|Any CPU.Build.0 = Release|Any CPU
		{D2683C86-4165-4A9F-95E7-06149842CC1F}.Debug|Any CPU.ActiveCfg = Debug|Any CPU
		{D2683C86-4165-4A9F-95E7-06149842CC1F}.Debug|Any CPU.Build.0 = Debug|Any CPU
		{D2683C86-4165-4A9F-95E7-06149842CC1F}.Release|Any CPU.ActiveCfg = Release|Any CPU
		{D2683C86-4165-4A9F-95E7-06149842CC1F}.Release|Any CPU.Build.0 = Release|Any CPU
		{198458A9-EC6A-459D-9026-41478CC95F74}.Debug|Any CPU.ActiveCfg = Debug|Any CPU
		{198458A9-EC6A-459D-9026-41478CC95F74}.Debug|Any CPU.Build.0 = Debug|Any CPU
		{198458A9-EC6A-459D-9026-41478CC95F74}.Release|Any CPU.ActiveCfg = Release|Any CPU
		{198458A9-EC6A-459D-9026-41478CC95F74}.Release|Any CPU.Build.0 = Release|Any CPU
		{4C9190A3-F6B0-4829-BEA0-F089AD2F8F5C}.Debug|Any CPU.ActiveCfg = Debug|Any CPU
		{4C9190A3-F6B0-4829-BEA0-F089AD2F8F5C}.Debug|Any CPU.Build.0 = Debug|Any CPU
		{4C9190A3-F6B0-4829-BEA0-F089AD2F8F5C}.Release|Any CPU.ActiveCfg = Release|Any CPU
		{4C9190A3-F6B0-4829-BEA0-F089AD2F8F5C}.Release|Any CPU.Build.0 = Release|Any CPU
		{4A107DEC-AF4D-4E3D-ACAD-F78B87280A77}.Debug|Any CPU.ActiveCfg = Debug|Any CPU
		{4A107DEC-AF4D-4E3D-ACAD-F78B87280A77}.Debug|Any CPU.Build.0 = Debug|Any CPU
		{4A107DEC-AF4D-4E3D-ACAD-F78B87280A77}.Release|Any CPU.ActiveCfg = Release|Any CPU
		{4A107DEC-AF4D-4E3D-ACAD-F78B87280A77}.Release|Any CPU.Build.0 = Release|Any CPU
	EndGlobalSection
	GlobalSection(SolutionProperties) = preSolution
		HideSolutionNode = FALSE
	EndGlobalSection
	GlobalSection(NestedProjects) = preSolution
		{4AB79EEB-5626-4363-BE04-6C9560E0996E} = {D9A8DC95-89BA-4BA7-BA9A-DB1AE0A4263C}
		{9EA811F1-3BE3-4D4C-A22F-B0C677A2F6C8} = {D9A8DC95-89BA-4BA7-BA9A-DB1AE0A4263C}
		{067F31EC-3153-4DBC-A173-AC892939E885} = {D9A8DC95-89BA-4BA7-BA9A-DB1AE0A4263C}
		{D2683C86-4165-4A9F-95E7-06149842CC1F} = {D9A8DC95-89BA-4BA7-BA9A-DB1AE0A4263C}
		{198458A9-EC6A-459D-9026-41478CC95F74} = {D9A8DC95-89BA-4BA7-BA9A-DB1AE0A4263C}
		{4C9190A3-F6B0-4829-BEA0-F089AD2F8F5C} = {D9A8DC95-89BA-4BA7-BA9A-DB1AE0A4263C}
		{4A107DEC-AF4D-4E3D-ACAD-F78B87280A77} = {4E290CF6-13A5-4E25-A98E-1E69B3C8CA29}
	EndGlobalSection
	GlobalSection(ExtensibilityGlobals) = postSolution
		SolutionGuid = {A3646993-1282-4046-91E7-749E6E9DFC95}
	EndGlobalSection
EndGlobal
